
Microsoft Visual Studio Solution File, Format Version 12.00
# Visual Studio Version 17
VisualStudioVersion = 17.0.31903.59
MinimumVisualStudioVersion = 10.0.40219.1
Project("{FAE04EC0-301F-11D3-BF4B-00C04F79EFBC}") = "SalveMundus", "SalveMundus\SalveMundus.csproj", "{FEEDB261-74E3-48B0-943B-90D56AC37F7C}"
EndProject
Project("{FAE04EC0-301F-11D3-BF4B-00C04F79EFBC}") = "ScreenSound", "ScreenSound\ScreenSound.csproj", "{56B7D9CC-3DD0-4905-B8C2-AFE8F87B6B72}"
EndProject
Project("{FAE04EC0-301F-11D3-BF4B-00C04F79EFBC}") = "DescobrirNumero", "DescobrirNumero\DescobrirNumero.csproj", "{E448CB45-5366-4394-85A2-50BEBFF6BB38}"
EndProject
Project("{FAE04EC0-301F-11D3-BF4B-00C04F79EFBC}") = "Lists", "Lists\Lists.csproj", "{2EB0FA86-149E-4AC0-8861-BF192DDEF2D4}"
EndProject
Project("{FAE04EC0-301F-11D3-BF4B-00C04F79EFBC}") = "StudentsGrades", "StudentsGrades\StudentsGrades.csproj", "{F49B15B2-B746-4F8B-8253-3ADE285C78A8}"
EndProject
Project("{FAE04EC0-301F-11D3-BF4B-00C04F79EFBC}") = "EstoqueLoja", "EstoqueLoja\EstoqueLoja.csproj", "{2E0F2416-B060-4C4E-ABB7-2BF3D433EB15}"
EndProject
Project("{FAE04EC0-301F-11D3-BF4B-00C04F79EFBC}") = "Quiz", "Quiz\Quiz.csproj", "{B034E825-0CDF-462C-B7EF-8330FFF6891B}"
EndProject
Global
	GlobalSection(SolutionConfigurationPlatforms) = preSolution
		Debug|Any CPU = Debug|Any CPU
		Release|Any CPU = Release|Any CPU
	EndGlobalSection
	GlobalSection(ProjectConfigurationPlatforms) = postSolution
		{FEEDB261-74E3-48B0-943B-90D56AC37F7C}.Debug|Any CPU.ActiveCfg = Debug|Any CPU
		{FEEDB261-74E3-48B0-943B-90D56AC37F7C}.Debug|Any CPU.Build.0 = Debug|Any CPU
		{FEEDB261-74E3-48B0-943B-90D56AC37F7C}.Release|Any CPU.ActiveCfg = Release|Any CPU
		{FEEDB261-74E3-48B0-943B-90D56AC37F7C}.Release|Any CPU.Build.0 = Release|Any CPU
		{56B7D9CC-3DD0-4905-B8C2-AFE8F87B6B72}.Debug|Any CPU.ActiveCfg = Debug|Any CPU
		{56B7D9CC-3DD0-4905-B8C2-AFE8F87B6B72}.Debug|Any CPU.Build.0 = Debug|Any CPU
		{56B7D9CC-3DD0-4905-B8C2-AFE8F87B6B72}.Release|Any CPU.ActiveCfg = Release|Any CPU
		{56B7D9CC-3DD0-4905-B8C2-AFE8F87B6B72}.Release|Any CPU.Build.0 = Release|Any CPU
		{E448CB45-5366-4394-85A2-50BEBFF6BB38}.Debug|Any CPU.ActiveCfg = Debug|Any CPU
		{E448CB45-5366-4394-85A2-50BEBFF6BB38}.Debug|Any CPU.Build.0 = Debug|Any CPU
		{E448CB45-5366-4394-85A2-50BEBFF6BB38}.Release|Any CPU.ActiveCfg = Release|Any CPU
		{E448CB45-5366-4394-85A2-50BEBFF6BB38}.Release|Any CPU.Build.0 = Release|Any CPU
		{2EB0FA86-149E-4AC0-8861-BF192DDEF2D4}.Debug|Any CPU.ActiveCfg = Debug|Any CPU
		{2EB0FA86-149E-4AC0-8861-BF192DDEF2D4}.Debug|Any CPU.Build.0 = Debug|Any CPU
		{2EB0FA86-149E-4AC0-8861-BF192DDEF2D4}.Release|Any CPU.ActiveCfg = Release|Any CPU
		{2EB0FA86-149E-4AC0-8861-BF192DDEF2D4}.Release|Any CPU.Build.0 = Release|Any CPU
		{F49B15B2-B746-4F8B-8253-3ADE285C78A8}.Debug|Any CPU.ActiveCfg = Debug|Any CPU
		{F49B15B2-B746-4F8B-8253-3ADE285C78A8}.Debug|Any CPU.Build.0 = Debug|Any CPU
		{F49B15B2-B746-4F8B-8253-3ADE285C78A8}.Release|Any CPU.ActiveCfg = Release|Any CPU
		{F49B15B2-B746-4F8B-8253-3ADE285C78A8}.Release|Any CPU.Build.0 = Release|Any CPU
		{2E0F2416-B060-4C4E-ABB7-2BF3D433EB15}.Debug|Any CPU.ActiveCfg = Debug|Any CPU
		{2E0F2416-B060-4C4E-ABB7-2BF3D433EB15}.Debug|Any CPU.Build.0 = Debug|Any CPU
		{2E0F2416-B060-4C4E-ABB7-2BF3D433EB15}.Release|Any CPU.ActiveCfg = Release|Any CPU
		{2E0F2416-B060-4C4E-ABB7-2BF3D433EB15}.Release|Any CPU.Build.0 = Release|Any CPU
		{B034E825-0CDF-462C-B7EF-8330FFF6891B}.Debug|Any CPU.ActiveCfg = Debug|Any CPU
		{B034E825-0CDF-462C-B7EF-8330FFF6891B}.Debug|Any CPU.Build.0 = Debug|Any CPU
		{B034E825-0CDF-462C-B7EF-8330FFF6891B}.Release|Any CPU.ActiveCfg = Release|Any CPU
		{B034E825-0CDF-462C-B7EF-8330FFF6891B}.Release|Any CPU.Build.0 = Release|Any CPU
	EndGlobalSection
	GlobalSection(SolutionProperties) = preSolution
		HideSolutionNode = FALSE
	EndGlobalSection
EndGlobal
