
Microsoft Visual Studio Solution File, Format Version 12.00
# Visual Studio Version 17
VisualStudioVersion = 17.0.31903.59
MinimumVisualStudioVersion = 10.0.40219.1
Project("{9A19103F-16F7-4668-BE54-9A1E7A4F7556}") = "ScreenSound", "ScreenSound\ScreenSound.csproj", "{A9CCE41C-6657-42BF-AED4-F3F578033037}"
EndProject
Project("{FAE04EC0-301F-11D3-BF4B-00C04F79EFBC}") = "ScreenSound.API", "ScreenSound.API\ScreenSound.API.csproj", "{9AAD858E-D542-4F48-9964-EEA62DDA79D8}"
EndProject
Project("{FAE04EC0-301F-11D3-BF4B-00C04F79EFBC}") = "ScreenSound.Shared.Modelos", "ScreenSound.Shared.Modelos\ScreenSound.Shared.Modelos.csproj", "{453CF7EA-430D-47A9-95E5-F5BA46DEBCB6}"
EndProject
Project("{FAE04EC0-301F-11D3-BF4B-00C04F79EFBC}") = "ScreenSound.Shared.Dados", "ScreenSound.Shared.Dados\ScreenSound.Shared.Dados.csproj", "{6ACCF221-BD2B-4A1C-ACAF-3BA965C42BA0}"
EndProject
Global
	GlobalSection(SolutionConfigurationPlatforms) = preSolution
		Debug|Any CPU = Debug|Any CPU
		Release|Any CPU = Release|Any CPU
	EndGlobalSection
	GlobalSection(ProjectConfigurationPlatforms) = postSolution
		{A9CCE41C-6657-42BF-AED4-F3F578033037}.Debug|Any CPU.ActiveCfg = Debug|Any CPU
		{A9CCE41C-6657-42BF-AED4-F3F578033037}.Debug|Any CPU.Build.0 = Debug|Any CPU
		{A9CCE41C-6657-42BF-AED4-F3F578033037}.Release|Any CPU.ActiveCfg = Release|Any CPU
		{A9CCE41C-6657-42BF-AED4-F3F578033037}.Release|Any CPU.Build.0 = Release|Any CPU
		{9AAD858E-D542-4F48-9964-EEA62DDA79D8}.Debug|Any CPU.ActiveCfg = Debug|Any CPU
		{9AAD858E-D542-4F48-9964-EEA62DDA79D8}.Debug|Any CPU.Build.0 = Debug|Any CPU
		{9AAD858E-D542-4F48-9964-EEA62DDA79D8}.Release|Any CPU.ActiveCfg = Release|Any CPU
		{9AAD858E-D542-4F48-9964-EEA62DDA79D8}.Release|Any CPU.Build.0 = Release|Any CPU
		{453CF7EA-430D-47A9-95E5-F5BA46DEBCB6}.Debug|Any CPU.ActiveCfg = Debug|Any CPU
		{453CF7EA-430D-47A9-95E5-F5BA46DEBCB6}.Debug|Any CPU.Build.0 = Debug|Any CPU
		{453CF7EA-430D-47A9-95E5-F5BA46DEBCB6}.Release|Any CPU.ActiveCfg = Release|Any CPU
		{453CF7EA-430D-47A9-95E5-F5BA46DEBCB6}.Release|Any CPU.Build.0 = Release|Any CPU
		{6ACCF221-BD2B-4A1C-ACAF-3BA965C42BA0}.Debug|Any CPU.ActiveCfg = Debug|Any CPU
		{6ACCF221-BD2B-4A1C-ACAF-3BA965C42BA0}.Debug|Any CPU.Build.0 = Debug|Any CPU
		{6ACCF221-BD2B-4A1C-ACAF-3BA965C42BA0}.Release|Any CPU.ActiveCfg = Release|Any CPU
		{6ACCF221-BD2B-4A1C-ACAF-3BA965C42BA0}.Release|Any CPU.Build.0 = Release|Any CPU
	EndGlobalSection
	GlobalSection(SolutionProperties) = preSolution
		HideSolutionNode = FALSE
	EndGlobalSection
	GlobalSection(ExtensibilityGlobals) = postSolution
		SolutionGuid = {A423F134-692A-48E3-A80F-A6B6477E3065}
	EndGlobalSection
EndGlobal
