Microsoft Visual Studio Solution File, Format Version 12.00
# Visual Studio Version 17
VisualStudioVersion = 17.5.2.0
MinimumVisualStudioVersion = 10.0.40219.1
Project("{FAE04EC0-301F-11D3-BF4B-00C04F79EFBC}") = "Exercises", "Exercises.csproj", "{F1283D86-4D05-BF41-22B5-D60CFE855DD3}"
EndProject
Global
	GlobalSection(SolutionConfigurationPlatforms) = preSolution
		Debug|Any CPU = Debug|Any CPU
		Release|Any CPU = Release|Any CPU
	EndGlobalSection
	GlobalSection(ProjectConfigurationPlatforms) = postSolution
		{F1283D86-4D05-BF41-22B5-D60CFE855DD3}.Debug|Any CPU.ActiveCfg = Debug|Any CPU
		{F1283D86-4D05-BF41-22B5-D60CFE855DD3}.Debug|Any CPU.Build.0 = Debug|Any CPU
		{F1283D86-4D05-BF41-22B5-D60CFE855DD3}.Release|Any CPU.ActiveCfg = Release|Any CPU
		{F1283D86-4D05-BF41-22B5-D60CFE855DD3}.Release|Any CPU.Build.0 = Release|Any CPU
	EndGlobalSection
	GlobalSection(SolutionProperties) = preSolution
		HideSolutionNode = FALSE
	EndGlobalSection
	GlobalSection(ExtensibilityGlobals) = postSolution
		SolutionGuid = {E84319DF-F590-45E2-BE1A-FC8B7FE0F61E}
	EndGlobalSection
EndGlobal
