
Microsoft Visual Studio Solution File, Format Version 12.00
# Visual Studio Version 17
VisualStudioVersion = 17.5.2.0
MinimumVisualStudioVersion = 10.0.40219.1
Project("{FAE04EC0-301F-11D3-BF4B-00C04F79EFBC}") = "ScreenSoundObj", "ScreenSoundObj\ScreenSoundObj.csproj", "{14F0B6A9-A2A9-46B8-C772-EF67670F6B4E}"
EndProject
Project("{FAE04EC0-301F-11D3-BF4B-00C04F79EFBC}") = "Filmes", "Filmes\Filmes.csproj", "{55B713CE-FDE5-4576-8709-9DFC1D3EF1E2}"
EndProject
Project("{FAE04EC0-301F-11D3-BF4B-00C04F79EFBC}") = "PlataformaNamespace", "PlataformaNamespace\PlataformaNamespace.csproj", "{94006326-8EE8-4CCF-90FC-E5373FF94CF1}"
EndProject
Project("{FAE04EC0-301F-11D3-BF4B-00C04F79EFBC}") = "PetShop", "PetShop\PetShop.csproj", "{A1171AD6-CFF7-4078-AE6F-C3EA8F9C5FB0}"
EndProject
Project("{FAE04EC0-301F-11D3-BF4B-00C04F79EFBC}") = "OficinaAuto", "OficinaAuto\OficinaAuto.csproj", "{9F38A841-AD8E-482D-8649-41B2C63A370A}"
EndProject
Project("{FAE04EC0-301F-11D3-BF4B-00C04F79EFBC}") = "Calculadora", "Calculadora\Calculadora.csproj", "{B664F6E0-B76B-4C43-8A1C-B582C4CC701C}"
EndProject
Project("{FAE04EC0-301F-11D3-BF4B-00C04F79EFBC}") = "Geometria", "Geometria\Geometria.csproj", "{2B86DCB7-F860-40AE-853D-13FE721C5E0F}"
EndProject
Global
	GlobalSection(SolutionConfigurationPlatforms) = preSolution
		Debug|Any CPU = Debug|Any CPU
		Debug|x64 = Debug|x64
		Debug|x86 = Debug|x86
		Release|Any CPU = Release|Any CPU
		Release|x64 = Release|x64
		Release|x86 = Release|x86
	EndGlobalSection
	GlobalSection(ProjectConfigurationPlatforms) = postSolution
		{14F0B6A9-A2A9-46B8-C772-EF67670F6B4E}.Debug|Any CPU.ActiveCfg = Debug|Any CPU
		{14F0B6A9-A2A9-46B8-C772-EF67670F6B4E}.Debug|Any CPU.Build.0 = Debug|Any CPU
		{14F0B6A9-A2A9-46B8-C772-EF67670F6B4E}.Debug|x64.ActiveCfg = Debug|Any CPU
		{14F0B6A9-A2A9-46B8-C772-EF67670F6B4E}.Debug|x64.Build.0 = Debug|Any CPU
		{14F0B6A9-A2A9-46B8-C772-EF67670F6B4E}.Debug|x86.ActiveCfg = Debug|Any CPU
		{14F0B6A9-A2A9-46B8-C772-EF67670F6B4E}.Debug|x86.Build.0 = Debug|Any CPU
		{14F0B6A9-A2A9-46B8-C772-EF67670F6B4E}.Release|Any CPU.ActiveCfg = Release|Any CPU
		{14F0B6A9-A2A9-46B8-C772-EF67670F6B4E}.Release|Any CPU.Build.0 = Release|Any CPU
		{14F0B6A9-A2A9-46B8-C772-EF67670F6B4E}.Release|x64.ActiveCfg = Release|Any CPU
		{14F0B6A9-A2A9-46B8-C772-EF67670F6B4E}.Release|x64.Build.0 = Release|Any CPU
		{14F0B6A9-A2A9-46B8-C772-EF67670F6B4E}.Release|x86.ActiveCfg = Release|Any CPU
		{14F0B6A9-A2A9-46B8-C772-EF67670F6B4E}.Release|x86.Build.0 = Release|Any CPU
		{55B713CE-FDE5-4576-8709-9DFC1D3EF1E2}.Debug|Any CPU.ActiveCfg = Debug|Any CPU
		{55B713CE-FDE5-4576-8709-9DFC1D3EF1E2}.Debug|Any CPU.Build.0 = Debug|Any CPU
		{55B713CE-FDE5-4576-8709-9DFC1D3EF1E2}.Debug|x64.ActiveCfg = Debug|Any CPU
		{55B713CE-FDE5-4576-8709-9DFC1D3EF1E2}.Debug|x64.Build.0 = Debug|Any CPU
		{55B713CE-FDE5-4576-8709-9DFC1D3EF1E2}.Debug|x86.ActiveCfg = Debug|Any CPU
		{55B713CE-FDE5-4576-8709-9DFC1D3EF1E2}.Debug|x86.Build.0 = Debug|Any CPU
		{55B713CE-FDE5-4576-8709-9DFC1D3EF1E2}.Release|Any CPU.ActiveCfg = Release|Any CPU
		{55B713CE-FDE5-4576-8709-9DFC1D3EF1E2}.Release|Any CPU.Build.0 = Release|Any CPU
		{55B713CE-FDE5-4576-8709-9DFC1D3EF1E2}.Release|x64.ActiveCfg = Release|Any CPU
		{55B713CE-FDE5-4576-8709-9DFC1D3EF1E2}.Release|x64.Build.0 = Release|Any CPU
		{55B713CE-FDE5-4576-8709-9DFC1D3EF1E2}.Release|x86.ActiveCfg = Release|Any CPU
		{55B713CE-FDE5-4576-8709-9DFC1D3EF1E2}.Release|x86.Build.0 = Release|Any CPU
		{94006326-8EE8-4CCF-90FC-E5373FF94CF1}.Debug|Any CPU.ActiveCfg = Debug|Any CPU
		{94006326-8EE8-4CCF-90FC-E5373FF94CF1}.Debug|Any CPU.Build.0 = Debug|Any CPU
		{94006326-8EE8-4CCF-90FC-E5373FF94CF1}.Debug|x64.ActiveCfg = Debug|Any CPU
		{94006326-8EE8-4CCF-90FC-E5373FF94CF1}.Debug|x64.Build.0 = Debug|Any CPU
		{94006326-8EE8-4CCF-90FC-E5373FF94CF1}.Debug|x86.ActiveCfg = Debug|Any CPU
		{94006326-8EE8-4CCF-90FC-E5373FF94CF1}.Debug|x86.Build.0 = Debug|Any CPU
		{94006326-8EE8-4CCF-90FC-E5373FF94CF1}.Release|Any CPU.ActiveCfg = Release|Any CPU
		{94006326-8EE8-4CCF-90FC-E5373FF94CF1}.Release|Any CPU.Build.0 = Release|Any CPU
		{94006326-8EE8-4CCF-90FC-E5373FF94CF1}.Release|x64.ActiveCfg = Release|Any CPU
		{94006326-8EE8-4CCF-90FC-E5373FF94CF1}.Release|x64.Build.0 = Release|Any CPU
		{94006326-8EE8-4CCF-90FC-E5373FF94CF1}.Release|x86.ActiveCfg = Release|Any CPU
		{94006326-8EE8-4CCF-90FC-E5373FF94CF1}.Release|x86.Build.0 = Release|Any CPU
		{A1171AD6-CFF7-4078-AE6F-C3EA8F9C5FB0}.Debug|Any CPU.ActiveCfg = Debug|Any CPU
		{A1171AD6-CFF7-4078-AE6F-C3EA8F9C5FB0}.Debug|Any CPU.Build.0 = Debug|Any CPU
		{A1171AD6-CFF7-4078-AE6F-C3EA8F9C5FB0}.Debug|x64.ActiveCfg = Debug|Any CPU
		{A1171AD6-CFF7-4078-AE6F-C3EA8F9C5FB0}.Debug|x64.Build.0 = Debug|Any CPU
		{A1171AD6-CFF7-4078-AE6F-C3EA8F9C5FB0}.Debug|x86.ActiveCfg = Debug|Any CPU
		{A1171AD6-CFF7-4078-AE6F-C3EA8F9C5FB0}.Debug|x86.Build.0 = Debug|Any CPU
		{A1171AD6-CFF7-4078-AE6F-C3EA8F9C5FB0}.Release|Any CPU.ActiveCfg = Release|Any CPU
		{A1171AD6-CFF7-4078-AE6F-C3EA8F9C5FB0}.Release|Any CPU.Build.0 = Release|Any CPU
		{A1171AD6-CFF7-4078-AE6F-C3EA8F9C5FB0}.Release|x64.ActiveCfg = Release|Any CPU
		{A1171AD6-CFF7-4078-AE6F-C3EA8F9C5FB0}.Release|x64.Build.0 = Release|Any CPU
		{A1171AD6-CFF7-4078-AE6F-C3EA8F9C5FB0}.Release|x86.ActiveCfg = Release|Any CPU
		{A1171AD6-CFF7-4078-AE6F-C3EA8F9C5FB0}.Release|x86.Build.0 = Release|Any CPU
		{9F38A841-AD8E-482D-8649-41B2C63A370A}.Debug|Any CPU.ActiveCfg = Debug|Any CPU
		{9F38A841-AD8E-482D-8649-41B2C63A370A}.Debug|Any CPU.Build.0 = Debug|Any CPU
		{9F38A841-AD8E-482D-8649-41B2C63A370A}.Debug|x64.ActiveCfg = Debug|Any CPU
		{9F38A841-AD8E-482D-8649-41B2C63A370A}.Debug|x64.Build.0 = Debug|Any CPU
		{9F38A841-AD8E-482D-8649-41B2C63A370A}.Debug|x86.ActiveCfg = Debug|Any CPU
		{9F38A841-AD8E-482D-8649-41B2C63A370A}.Debug|x86.Build.0 = Debug|Any CPU
		{9F38A841-AD8E-482D-8649-41B2C63A370A}.Release|Any CPU.ActiveCfg = Release|Any CPU
		{9F38A841-AD8E-482D-8649-41B2C63A370A}.Release|Any CPU.Build.0 = Release|Any CPU
		{9F38A841-AD8E-482D-8649-41B2C63A370A}.Release|x64.ActiveCfg = Release|Any CPU
		{9F38A841-AD8E-482D-8649-41B2C63A370A}.Release|x64.Build.0 = Release|Any CPU
		{9F38A841-AD8E-482D-8649-41B2C63A370A}.Release|x86.ActiveCfg = Release|Any CPU
		{9F38A841-AD8E-482D-8649-41B2C63A370A}.Release|x86.Build.0 = Release|Any CPU
		{B664F6E0-B76B-4C43-8A1C-B582C4CC701C}.Debug|Any CPU.ActiveCfg = Debug|Any CPU
		{B664F6E0-B76B-4C43-8A1C-B582C4CC701C}.Debug|Any CPU.Build.0 = Debug|Any CPU
		{B664F6E0-B76B-4C43-8A1C-B582C4CC701C}.Debug|x64.ActiveCfg = Debug|Any CPU
		{B664F6E0-B76B-4C43-8A1C-B582C4CC701C}.Debug|x64.Build.0 = Debug|Any CPU
		{B664F6E0-B76B-4C43-8A1C-B582C4CC701C}.Debug|x86.ActiveCfg = Debug|Any CPU
		{B664F6E0-B76B-4C43-8A1C-B582C4CC701C}.Debug|x86.Build.0 = Debug|Any CPU
		{B664F6E0-B76B-4C43-8A1C-B582C4CC701C}.Release|Any CPU.ActiveCfg = Release|Any CPU
		{B664F6E0-B76B-4C43-8A1C-B582C4CC701C}.Release|Any CPU.Build.0 = Release|Any CPU
		{B664F6E0-B76B-4C43-8A1C-B582C4CC701C}.Release|x64.ActiveCfg = Release|Any CPU
		{B664F6E0-B76B-4C43-8A1C-B582C4CC701C}.Release|x64.Build.0 = Release|Any CPU
		{B664F6E0-B76B-4C43-8A1C-B582C4CC701C}.Release|x86.ActiveCfg = Release|Any CPU
		{B664F6E0-B76B-4C43-8A1C-B582C4CC701C}.Release|x86.Build.0 = Release|Any CPU
		{2B86DCB7-F860-40AE-853D-13FE721C5E0F}.Debug|Any CPU.ActiveCfg = Debug|Any CPU
		{2B86DCB7-F860-40AE-853D-13FE721C5E0F}.Debug|Any CPU.Build.0 = Debug|Any CPU
		{2B86DCB7-F860-40AE-853D-13FE721C5E0F}.Debug|x64.ActiveCfg = Debug|Any CPU
		{2B86DCB7-F860-40AE-853D-13FE721C5E0F}.Debug|x64.Build.0 = Debug|Any CPU
		{2B86DCB7-F860-40AE-853D-13FE721C5E0F}.Debug|x86.ActiveCfg = Debug|Any CPU
		{2B86DCB7-F860-40AE-853D-13FE721C5E0F}.Debug|x86.Build.0 = Debug|Any CPU
		{2B86DCB7-F860-40AE-853D-13FE721C5E0F}.Release|Any CPU.ActiveCfg = Release|Any CPU
		{2B86DCB7-F860-40AE-853D-13FE721C5E0F}.Release|Any CPU.Build.0 = Release|Any CPU
		{2B86DCB7-F860-40AE-853D-13FE721C5E0F}.Release|x64.ActiveCfg = Release|Any CPU
		{2B86DCB7-F860-40AE-853D-13FE721C5E0F}.Release|x64.Build.0 = Release|Any CPU
		{2B86DCB7-F860-40AE-853D-13FE721C5E0F}.Release|x86.ActiveCfg = Release|Any CPU
		{2B86DCB7-F860-40AE-853D-13FE721C5E0F}.Release|x86.Build.0 = Release|Any CPU
	EndGlobalSection
	GlobalSection(SolutionProperties) = preSolution
		HideSolutionNode = FALSE
	EndGlobalSection
	GlobalSection(ExtensibilityGlobals) = postSolution
		SolutionGuid = {90AA0F56-F73D-44F2-AF95-8E256F1970F1}
	EndGlobalSection
EndGlobal
